[[package]]
name = "atomicwrites"
version = "1.4.0"
description = "Atomic file writes."
category = "dev"
optional = false
python-versions = ">=2.7, !=3.0.*, !=3.1.*, !=3.2.*, !=3.3.*"

[[package]]
name = "attrs"
version = "21.2.0"
description = "Classes Without Boilerplate"
category = "dev"
optional = false
python-versions = ">=2.7, !=3.0.*, !=3.1.*, !=3.2.*, !=3.3.*, !=3.4.*"

[package.extras]
dev = ["coverage[toml] (>=5.0.2)", "hypothesis", "pympler", "pytest (>=4.3.0)", "six", "mypy", "pytest-mypy-plugins", "zope.interface", "furo", "sphinx", "sphinx-notfound-page", "pre-commit"]
docs = ["furo", "sphinx", "zope.interface", "sphinx-notfound-page"]
tests = ["coverage[toml] (>=5.0.2)", "hypothesis", "pympler", "pytest (>=4.3.0)", "six", "mypy", "pytest-mypy-plugins", "zope.interface"]
tests_no_zope = ["coverage[toml] (>=5.0.2)", "hypothesis", "pympler", "pytest (>=4.3.0)", "six", "mypy", "pytest-mypy-plugins"]

[[package]]
name = "colorama"
version = "0.4.4"
description = "Cross-platform colored terminal text."
category = "dev"
optional = false
python-versions = ">=2.7, !=3.0.*, !=3.1.*, !=3.2.*, !=3.3.*, !=3.4.*"

[[package]]
name = "importlib-metadata"
version = "4.8.1"
description = "Read metadata from Python packages"
category = "dev"
optional = false
python-versions = ">=3.6"

[package.dependencies]
typing-extensions = {version = ">=3.6.4", markers = "python_version < \"3.8\""}
zipp = ">=0.5"

[package.extras]
docs = ["sphinx", "jaraco.packaging (>=8.2)", "rst.linker (>=1.9)"]
perf = ["ipython"]
testing = ["pytest (>=4.6)", "pytest-checkdocs (>=2.4)", "pytest-flake8", "pytest-cov", "pytest-enabler (>=1.0.1)", "packaging", "pep517", "pyfakefs", "flufl.flake8", "pytest-perf (>=0.9.2)", "pytest-black (>=0.3.7)", "pytest-mypy", "importlib-resources (>=1.3)"]

[[package]]
name = "more-itertools"
version = "8.10.0"
description = "More routines for operating on iterables, beyond itertools"
category = "dev"
optional = false
python-versions = ">=3.5"

[[package]]
name = "numpy"
version = "1.21.1"
description = "NumPy is the fundamental package for array computing with Python."
category = "main"
optional = false
python-versions = ">=3.7"

[[package]]
name = "packaging"
version = "21.0"
description = "Core utilities for Python packages"
category = "dev"
optional = false
python-versions = ">=3.6"

[package.dependencies]
pyparsing = ">=2.0.2"

[[package]]
name = "pluggy"
version = "0.13.1"
description = "plugin and hook calling mechanisms for python"
category = "dev"
optional = false
python-versions = ">=2.7, !=3.0.*, !=3.1.*, !=3.2.*, !=3.3.*"

[package.dependencies]
importlib-metadata = {version = ">=0.12", markers = "python_version < \"3.8\""}

[package.extras]
dev = ["pre-commit", "tox"]

[[package]]
name = "py"
version = "1.10.0"
description = "library with cross-python path, ini-parsing, io, code, log facilities"
category = "dev"
optional = false
python-versions = ">=2.7, !=3.0.*, !=3.1.*, !=3.2.*, !=3.3.*"

[[package]]
name = "pyparsing"
version = "2.4.7"
description = "Python parsing module"
category = "dev"
optional = false
python-versions = ">=2.6, !=3.0.*, !=3.1.*, !=3.2.*"

[[package]]
name = "pytest"
version = "5.4.3"
description = "pytest: simple powerful testing with Python"
category = "dev"
optional = false
python-versions = ">=3.5"

[package.dependencies]
atomicwrites = {version = ">=1.0", markers = "sys_platform == \"win32\""}
attrs = ">=17.4.0"
colorama = {version = "*", markers = "sys_platform == \"win32\""}
importlib-metadata = {version = ">=0.12", markers = "python_version < \"3.8\""}
more-itertools = ">=4.0.0"
packaging = "*"
pluggy = ">=0.12,<1.0"
py = ">=1.5.0"
wcwidth = "*"

[package.extras]
checkqa-mypy = ["mypy (==v0.761)"]
testing = ["argcomplete", "hypothesis (>=3.56)", "mock", "nose", "requests", "xmlschema"]

[[package]]
name = "rapidfuzz"
version = "1.6.2"
description = "rapid fuzzy string matching"
category = "main"
optional = false
python-versions = ">=2.7"

[package.dependencies]
numpy = "*"

[[package]]
name = "typing-extensions"
version = "3.10.0.2"
description = "Backported and Experimental Type Hints for Python 3.5+"
category = "dev"
optional = false
python-versions = "*"

[[package]]
name = "wcwidth"
version = "0.2.5"
description = "Measures the displayed width of unicode strings in a terminal"
category = "dev"
optional = false
python-versions = "*"

[[package]]
name = "zipp"
version = "3.5.0"
description = "Backport of pathlib-compatible object wrapper for zip files"
category = "dev"
optional = false
python-versions = ">=3.6"

[package.extras]
docs = ["sphinx", "jaraco.packaging (>=8.2)", "rst.linker (>=1.9)"]
testing = ["pytest (>=4.6)", "pytest-checkdocs (>=2.4)", "pytest-flake8", "pytest-cov", "pytest-enabler (>=1.0.1)", "jaraco.itertools", "func-timeout", "pytest-black (>=0.3.7)", "pytest-mypy"]

[metadata]
lock-version = "1.1"
python-versions = "^3.7"
content-hash = "f8b27a2e949d4b91ec898cd64fc0b123a796378c57887ba13829841c5bf1244d"

[metadata.files]
atomicwrites = [
    {file = "atomicwrites-1.4.0-py2.py3-none-any.whl", hash = "sha256:6d1784dea7c0c8d4a5172b6c620f40b6e4cbfdf96d783691f2e1302a7b88e197"},
    {file = "atomicwrites-1.4.0.tar.gz", hash = "sha256:ae70396ad1a434f9c7046fd2dd196fc04b12f9e91ffb859164193be8b6168a7a"},
]
attrs = [
    {file = "attrs-21.2.0-py2.py3-none-any.whl", hash = "sha256:149e90d6d8ac20db7a955ad60cf0e6881a3f20d37096140088356da6c716b0b1"},
    {file = "attrs-21.2.0.tar.gz", hash = "sha256:ef6aaac3ca6cd92904cdd0d83f629a15f18053ec84e6432106f7a4d04ae4f5fb"},
]
colorama = [
    {file = "colorama-0.4.4-py2.py3-none-any.whl", hash = "sha256:9f47eda37229f68eee03b24b9748937c7dc3868f906e8ba69fbcbdd3bc5dc3e2"},
    {file = "colorama-0.4.4.tar.gz", hash = "sha256:5941b2b48a20143d2267e95b1c2a7603ce057ee39fd88e7329b0c292aa16869b"},
]
importlib-metadata = [
    {file = "importlib_metadata-4.8.1-py3-none-any.whl", hash = "sha256:b618b6d2d5ffa2f16add5697cf57a46c76a56229b0ed1c438322e4e95645bd15"},
    {file = "importlib_metadata-4.8.1.tar.gz", hash = "sha256:f284b3e11256ad1e5d03ab86bb2ccd6f5339688ff17a4d797a0fe7df326f23b1"},
]
more-itertools = [
    {file = "more-itertools-8.10.0.tar.gz", hash = "sha256:1debcabeb1df793814859d64a81ad7cb10504c24349368ccf214c664c474f41f"},
    {file = "more_itertools-8.10.0-py3-none-any.whl", hash = "sha256:56ddac45541718ba332db05f464bebfb0768110111affd27f66e0051f276fa43"},
]
numpy = [
    {file = "numpy-1.21.1-cp37-cp37m-macosx_10_9_x86_64.whl", hash = "sha256:38e8648f9449a549a7dfe8d8755a5979b45b3538520d1e735637ef28e8c2dc50"},
    {file = "numpy-1.21.1-cp37-cp37m-manylinux_2_12_i686.manylinux2010_i686.whl", hash = "sha256:fd7d7409fa643a91d0a05c7554dd68aa9c9bb16e186f6ccfe40d6e003156e33a"},
    {file = "numpy-1.21.1-cp37-cp37m-manylinux_2_12_x86_64.manylinux2010_x86_64.whl", hash = "sha256:a75b4498b1e93d8b700282dc8e655b8bd559c0904b3910b144646dbbbc03e062"},
    {file = "numpy-1.21.1-cp37-cp37m-manylinux_2_17_aarch64.manylinux2014_aarch64.whl", hash = "sha256:1412aa0aec3e00bc23fbb8664d76552b4efde98fb71f60737c83efbac24112f1"},
    {file = "numpy-1.21.1-cp37-cp37m-manylinux_2_5_i686.manylinux1_i686.whl", hash = "sha256:e46ceaff65609b5399163de5893d8f2a82d3c77d5e56d976c8b5fb01faa6b671"},
    {file = "numpy-1.21.1-cp37-cp37m-manylinux_2_5_x86_64.manylinux1_x86_64.whl", hash = "sha256:c6a2324085dd52f96498419ba95b5777e40b6bcbc20088fddb9e8cbb58885e8e"},
    {file = "numpy-1.21.1-cp37-cp37m-win32.whl", hash = "sha256:73101b2a1fef16602696d133db402a7e7586654682244344b8329cdcbbb82172"},
    {file = "numpy-1.21.1-cp37-cp37m-win_amd64.whl", hash = "sha256:7a708a79c9a9d26904d1cca8d383bf869edf6f8e7650d85dbc77b041e8c5a0f8"},
    {file = "numpy-1.21.1-cp38-cp38-macosx_10_9_universal2.whl", hash = "sha256:95b995d0c413f5d0428b3f880e8fe1660ff9396dcd1f9eedbc311f37b5652e16"},
    {file = "numpy-1.21.1-cp38-cp38-macosx_10_9_x86_64.whl", hash = "sha256:635e6bd31c9fb3d475c8f44a089569070d10a9ef18ed13738b03049280281267"},
    {file = "numpy-1.21.1-cp38-cp38-macosx_11_0_arm64.whl", hash = "sha256:4a3d5fb89bfe21be2ef47c0614b9c9c707b7362386c9a3ff1feae63e0267ccb6"},
    {file = "numpy-1.21.1-cp38-cp38-manylinux_2_12_i686.manylinux2010_i686.whl", hash = "sha256:8a326af80e86d0e9ce92bcc1e65c8ff88297de4fa14ee936cb2293d414c9ec63"},
    {file = "numpy-1.21.1-cp38-cp38-manylinux_2_12_x86_64.manylinux2010_x86_64.whl", hash = "sha256:791492091744b0fe390a6ce85cc1bf5149968ac7d5f0477288f78c89b385d9af"},
    {file = "numpy-1.21.1-cp38-cp38-manylinux_2_17_aarch64.manylinux2014_aarch64.whl", hash = "sha256:0318c465786c1f63ac05d7c4dbcecd4d2d7e13f0959b01b534ea1e92202235c5"},
    {file = "numpy-1.21.1-cp38-cp38-manylinux_2_5_i686.manylinux1_i686.whl", hash = "sha256:9a513bd9c1551894ee3d31369f9b07460ef223694098cf27d399513415855b68"},
    {file = "numpy-1.21.1-cp38-cp38-manylinux_2_5_x86_64.manylinux1_x86_64.whl", hash = "sha256:91c6f5fc58df1e0a3cc0c3a717bb3308ff850abdaa6d2d802573ee2b11f674a8"},
    {file = "numpy-1.21.1-cp38-cp38-win32.whl", hash = "sha256:978010b68e17150db8765355d1ccdd450f9fc916824e8c4e35ee620590e234cd"},
    {file = "numpy-1.21.1-cp38-cp38-win_amd64.whl", hash = "sha256:9749a40a5b22333467f02fe11edc98f022133ee1bfa8ab99bda5e5437b831214"},
    {file = "numpy-1.21.1-cp39-cp39-macosx_10_9_universal2.whl", hash = "sha256:d7a4aeac3b94af92a9373d6e77b37691b86411f9745190d2c351f410ab3a791f"},
    {file = "numpy-1.21.1-cp39-cp39-macosx_10_9_x86_64.whl", hash = "sha256:d9e7912a56108aba9b31df688a4c4f5cb0d9d3787386b87d504762b6754fbb1b"},
    {file = "numpy-1.21.1-cp39-cp39-macosx_11_0_arm64.whl", hash = "sha256:25b40b98ebdd272bc3020935427a4530b7d60dfbe1ab9381a39147834e985eac"},
    {file = "numpy-1.21.1-cp39-cp39-manylinux_2_12_i686.manylinux2010_i686.whl", hash = "sha256:8a92c5aea763d14ba9d6475803fc7904bda7decc2a0a68153f587ad82941fec1"},
    {file = "numpy-1.21.1-cp39-cp39-manylinux_2_12_x86_64.manylinux2010_x86_64.whl", hash = "sha256:05a0f648eb28bae4bcb204e6fd14603de2908de982e761a2fc78efe0f19e96e1"},
    {file = "numpy-1.21.1-cp39-cp39-manylinux_2_17_aarch64.manylinux2014_aarch64.whl", hash = "sha256:f01f28075a92eede918b965e86e8f0ba7b7797a95aa8d35e1cc8821f5fc3ad6a"},
    {file = "numpy-1.21.1-cp39-cp39-win32.whl", hash = "sha256:88c0b89ad1cc24a5efbb99ff9ab5db0f9a86e9cc50240177a571fbe9c2860ac2"},
    {file = "numpy-1.21.1-cp39-cp39-win_amd64.whl", hash = "sha256:01721eefe70544d548425a07c80be8377096a54118070b8a62476866d5208e33"},
    {file = "numpy-1.21.1-pp37-pypy37_pp73-manylinux_2_12_x86_64.manylinux2010_x86_64.whl", hash = "sha256:2d4d1de6e6fb3d28781c73fbde702ac97f03d79e4ffd6598b880b2d95d62ead4"},
    {file = "numpy-1.21.1.zip", hash = "sha256:dff4af63638afcc57a3dfb9e4b26d434a7a602d225b42d746ea7fe2edf1342fd"},
]
packaging = [
    {file = "packaging-21.0-py3-none-any.whl", hash = "sha256:c86254f9220d55e31cc94d69bade760f0847da8000def4dfe1c6b872fd14ff14"},
    {file = "packaging-21.0.tar.gz", hash = "sha256:7dc96269f53a4ccec5c0670940a4281106dd0bb343f47b7471f779df49c2fbe7"},
]
pluggy = [
    {file = "pluggy-0.13.1-py2.py3-none-any.whl", hash = "sha256:966c145cd83c96502c3c3868f50408687b38434af77734af1e9ca461a4081d2d"},
    {file = "pluggy-0.13.1.tar.gz", hash = "sha256:15b2acde666561e1298d71b523007ed7364de07029219b604cf808bfa1c765b0"},
]
py = [
    {file = "py-1.10.0-py2.py3-none-any.whl", hash = "sha256:3b80836aa6d1feeaa108e046da6423ab8f6ceda6468545ae8d02d9d58d18818a"},
    {file = "py-1.10.0.tar.gz", hash = "sha256:21b81bda15b66ef5e1a777a21c4dcd9c20ad3efd0b3f817e7a809035269e1bd3"},
]
pyparsing = [
    {file = "pyparsing-2.4.7-py2.py3-none-any.whl", hash = "sha256:ef9d7589ef3c200abe66653d3f1ab1033c3c419ae9b9bdb1240a85b024efc88b"},
    {file = "pyparsing-2.4.7.tar.gz", hash = "sha256:c203ec8783bf771a155b207279b9bccb8dea02d8f0c9e5f8ead507bc3246ecc1"},
]
pytest = [
    {file = "pytest-5.4.3-py3-none-any.whl", hash = "sha256:5c0db86b698e8f170ba4582a492248919255fcd4c79b1ee64ace34301fb589a1"},
    {file = "pytest-5.4.3.tar.gz", hash = "sha256:7979331bfcba207414f5e1263b5a0f8f521d0f457318836a7355531ed1a4c7d8"},
]
rapidfuzz = [
    {file = "rapidfuzz-1.6.2-cp27-cp27m-macosx_10_9_x86_64.whl", hash = "sha256:586752383b7e812efea3c2d89d17a160a254b0818c028cc378d24c35d7e7cc15"},
    {file = "rapidfuzz-1.6.2-cp27-cp27m-manylinux2010_i686.whl", hash = "sha256:42599e89faed105c326d3abb23cd6983be62a54448c192f0682d534aa5ceea5e"},
    {file = "rapidfuzz-1.6.2-cp27-cp27m-manylinux2010_x86_64.whl", hash = "sha256:5050423f9464018e07eb4c6f85d861d14197ffe77c40688907518cdb691f95ad"},
    {file = "rapidfuzz-1.6.2-cp27-cp27m-win32.whl", hash = "sha256:cca21916c4f192ab277a583ebb8854b87c7be0cc982486cf384a39b20fa12158"},
    {file = "rapidfuzz-1.6.2-cp27-cp27m-win_amd64.whl", hash = "sha256:cda6c29143a8cafc9c96bdf7fa5e70cfe3cf43953b1ce82fb82303d8c90602ae"},
    {file = "rapidfuzz-1.6.2-cp27-cp27mu-manylinux2010_i686.whl", hash = "sha256:d57f312219a3efe3542ed83f856201bd5fb7b90ffd813c08fbc8ec525220808a"},
    {file = "rapidfuzz-1.6.2-cp27-cp27mu-manylinux2010_x86_64.whl", hash = "sha256:9cd3c6531ce9473b25c89c0b7b5207a656e5a23c396cf73cccbfca978952dbf7"},
    {file = "rapidfuzz-1.6.2-cp35-cp35m-macosx_10_9_x86_64.whl", hash = "sha256:7a9a2085f110d0a120a2488f10dc4eb2b8eb75a1f5ba891bd95a06dd93ff9fd4"},
    {file = "rapidfuzz-1.6.2-cp35-cp35m-manylinux1_i686.whl", hash = "sha256:e84863f5fe1c22845830b2c710e62ea9d163f915f421352ac27b4a6cbcd2164e"},
    {file = "rapidfuzz-1.6.2-cp35-cp35m-manylinux1_x86_64.whl", hash = "sha256:94946fc146291cd2e69248417a930c70a112286f4f96288e29d613364f0ce71c"},
    {file = "rapidfuzz-1.6.2-cp35-cp35m-manylinux2010_i686.whl", hash = "sha256:64917b19546687f735f5333fcaefc241af7b2c69140e0c0408db53c23e3d61ae"},
    {file = "rapidfuzz-1.6.2-cp35-cp35m-manylinux2010_x86_64.whl", hash = "sha256:b8a25b999db5262b9dcfbdd92a5de5437e10ade0d97e99b72e01a2499ddb18b7"},
    {file = "rapidfuzz-1.6.2-cp35-cp35m-win32.whl", hash = "sha256:f4888908ddfdad765d9bd9510ace98ec095c2b5869a243b2268948eb70d3f28f"},
    {file = "rapidfuzz-1.6.2-cp35-cp35m-win_amd64.whl", hash = "sha256:977040b96db491c78277421d702693a7b842fb50ac0fd510c22ecb6d77894315"},
    {file = "rapidfuzz-1.6.2-cp36-cp36m-manylinux_2_17_aarch64.manylinux2014_aarch64.whl", hash = "sha256:9819146b086db72813a3f79f74385dfd2dca45d5947de1cd9f83929c66c53fe7"},
    {file = "rapidfuzz-1.6.2-cp36-cp36m-manylinux_2_17_ppc64le.manylinux2014_ppc64le.whl", hash = "sha256:152cb9f7de7fb0ea9622590d6ed9d243814ba2151d9b9ce2ca8bf4c5e2dac453"},
    {file = "rapidfuzz-1.6.2-cp36-cp36m-manylinux_2_17_s390x.manylinux2014_s390x.whl", hash = "sha256:8c8a0a788bb09fc6276c638709b3d16150e29f09357de3a91e5597aa26b8af4b"},
    {file = "rapidfuzz-1.6.2-cp36-cp36m-manylinux_2_5_i686.manylinux1_i686.manylinux_2_12_i686.manylinux2010_i686.whl", hash = "sha256:16392d047d80c5946b44450ef8340568fc131a1fa7535b389fa56b066ef8dbbf"},
    {file = "rapidfuzz-1.6.2-cp36-cp36m-manylinux_2_5_x86_64.manylinux1_x86_64.manylinux_2_12_x86_64.manylinux2010_x86_64.whl", hash = "sha256:b49a5ba6336e300fada8d32f840751f0a20f486fc996beaa6ad1b17377a1a7e9"},
    {file = "rapidfuzz-1.6.2-cp37-cp37m-macosx_10_9_x86_64.whl", hash = "sha256:713a9d54a2b8aa2e0bb7c6d419a74298cdd00b76d744ba18b55bcecf18a09516"},
    {file = "rapidfuzz-1.6.2-cp37-cp37m-manylinux_2_17_aarch64.manylinux2014_aarch64.whl", hash = "sha256:c77d00ccea730a9357d2e1d2672476c1d93ce86870aa0b1ec84efc7d9986d65f"},
    {file = "rapidfuzz-1.6.2-cp37-cp37m-manylinux_2_17_ppc64le.manylinux2014_ppc64le.whl", hash = "sha256:e5f9d479cebb0b4e8b3148fff6e22bc9d25a4656e84f7c0d6020720804b2efc4"},
    {file = "rapidfuzz-1.6.2-cp37-cp37m-manylinux_2_17_s390x.manylinux2014_s390x.whl", hash = "sha256:6465f62230c96e2a835c5b5bb5fd776a8f8518bfb1ee9d7bb9f8947e688a1468"},
    {file = "rapidfuzz-1.6.2-cp37-cp37m-manylinux_2_5_i686.manylinux1_i686.manylinux_2_12_i686.manylinux2010_i686.whl", hash = "sha256:5234ad4defe2b21f332101c7dc7de7c62492165e44e402cbc770528421e15c1f"},
    {file = "rapidfuzz-1.6.2-cp37-cp37m-manylinux_2_5_x86_64.manylinux1_x86_64.manylinux_2_12_x86_64.manylinux2010_x86_64.whl", hash = "sha256:6930aac3df87acf6191bff2a9601100c92ea2d3ebf522f0cf6bb3311ceb261e8"},
    {file = "rapidfuzz-1.6.2-cp37-cp37m-win32.whl", hash = "sha256:e83adf409d504df3bbefb32970a39f8e9f52fcd088c709784c17869ad5d79631"},
    {file = "rapidfuzz-1.6.2-cp37-cp37m-win_amd64.whl", hash = "sha256:a8d7dfac7db10366c4ecb8c16f24c6c5656bd09695b053b922c274072e2f4c6e"},
    {file = "rapidfuzz-1.6.2-cp38-cp38-macosx_10_9_universal2.whl", hash = "sha256:f28f011e934412532d70aded38f96fb7a49a761ffe28c7e8f6037a8d5076bca3"},
    {file = "rapidfuzz-1.6.2-cp38-cp38-macosx_10_9_x86_64.whl", hash = "sha256:0b99b9e5e3c2f7f3902b963ee575bdbe759c4b03f52ad54c416dfa7e38021098"},
    {file = "rapidfuzz-1.6.2-cp38-cp38-macosx_11_0_arm64.whl", hash = "sha256:4da66f5fbbd0dd0e75f97f6f19a8019092215fb96295823c594735e8ec3340a1"},
    {file = "rapidfuzz-1.6.2-cp38-cp38-manylinux_2_17_aarch64.manylinux2014_aarch64.whl", hash = "sha256:e92792833db73add7098a1d26d55430eb5f4d6201ee276ee8a59d8be89458e8d"},
    {file = "rapidfuzz-1.6.2-cp38-cp38-manylinux_2_17_ppc64le.manylinux2014_ppc64le.whl", hash = "sha256:4d72167e3c2217ef2dba7a159928bec799bcbe9ec38cff01d42305e8bd93085d"},
    {file = "rapidfuzz-1.6.2-cp38-cp38-manylinux_2_17_s390x.manylinux2014_s390x.whl", hash = "sha256:28a6fdb0e13ce115563ffae61588fb4d1cda26f241cc8e3228a3fc3ff864dbab"},
    {file = "rapidfuzz-1.6.2-cp38-cp38-manylinux_2_5_i686.manylinux1_i686.manylinux_2_12_i686.manylinux2010_i686.whl", hash = "sha256:49e2bcd499fe88bdabf0aea341c892a418ace7fef6a30429c87812db7a64b9dd"},
    {file = "rapidfuzz-1.6.2-cp38-cp38-manylinux_2_5_x86_64.manylinux1_x86_64.manylinux_2_12_x86_64.manylinux2010_x86_64.whl", hash = "sha256:074162713b9ee2b26d0b9fd34819c86eb7c393343b821f4ec36784526f4ae9d6"},
    {file = "rapidfuzz-1.6.2-cp38-cp38-win32.whl", hash = "sha256:a338941797d6583633a965b96a43fe3a55e1fbff8820caa0442a42acde4d9443"},
    {file = "rapidfuzz-1.6.2-cp38-cp38-win_amd64.whl", hash = "sha256:4ad4c291e2c7cf2bbbf4b3320e3460d395aafe2df0af4ceff497c59fb096290e"},
    {file = "rapidfuzz-1.6.2-cp39-cp39-macosx_10_9_universal2.whl", hash = "sha256:fd4b439639846d8813a1b9068c9101c89269b3519c930c54ad54080c15714926"},
    {file = "rapidfuzz-1.6.2-cp39-cp39-macosx_10_9_x86_64.whl", hash = "sha256:47ecf6c5b8cb7d2b649b75bfbb3452b1df4834ea96490c8f44da28911fe3d980"},
    {file = "rapidfuzz-1.6.2-cp39-cp39-macosx_11_0_arm64.whl", hash = "sha256:36126e23c6f671363bd09d6cd7c7f0c85f4f2553ecccbbd6dda199cc9e5cd18e"},
    {file = "rapidfuzz-1.6.2-cp39-cp39-manylinux_2_17_aarch64.manylinux2014_aarch64.whl", hash = "sha256:eefdb2a48c167d62a3cd75dc4cce2c5ac0ad11e99de7660e911ef1a690be8d66"},
    {file = "rapidfuzz-1.6.2-cp39-cp39-manylinux_2_17_ppc64le.manylinux2014_ppc64le.whl", hash = "sha256:279a3b793468a784478cf5d3f8f5e08664326ea2a3bf54ede0d6d86548ebfb85"},
    {file = "rapidfuzz-1.6.2-cp39-cp39-manylinux_2_17_s390x.manylinux2014_s390x.whl", hash = "sha256:d115f332dd95afc3003c636e8d1e8c091c7fafbb5d391110563869f4b225647f"},
    {file = "rapidfuzz-1.6.2-cp39-cp39-manylinux_2_5_i686.manylinux1_i686.manylinux_2_12_i686.manylinux2010_i686.whl", hash = "sha256:9465fb50c3d45497b814ac7db8c4588e62ddeadaa5a8f3bf0136ffa986d60417"},
    {file = "rapidfuzz-1.6.2-cp39-cp39-manylinux_2_5_x86_64.manylinux1_x86_64.manylinux_2_12_x86_64.manylinux2010_x86_64.whl", hash = "sha256:63051eb2b3645af39507e5825860e441563e9fbfcb7a147b3fa2bb3a2a25e961"},
    {file = "rapidfuzz-1.6.2-cp39-cp39-win32.whl", hash = "sha256:12a3b454fd58325c854fd3255b77f6d2d590048655346a4f82ff715b5beeba21"},
    {file = "rapidfuzz-1.6.2-cp39-cp39-win_amd64.whl", hash = "sha256:2129111c922fc7d8bacdde4b9916cbd7d5b23fb1fe29b1e8231dd2d8f0dce99c"},
    {file = "rapidfuzz-1.6.2-pp27-pypy_73-macosx_10_9_x86_64.whl", hash = "sha256:bcbaf39015baa9f1748f15e16188311c5b9706d3a2e72145d1c6f1620df81279"},
    {file = "rapidfuzz-1.6.2-pp27-pypy_73-manylinux2010_x86_64.whl", hash = "sha256:b208e90ac956cdd309901a98ca2a9ba0fd1d693768a7b7a49390477f3ac119ce"},
    {file = "rapidfuzz-1.6.2-pp37-pypy37_pp73-manylinux_2_5_i686.manylinux1_i686.manylinux_2_12_i686.manylinux2010_i686.whl", hash = "sha256:095686df7805e04dc51c18e210bdbba91e0a5f86361919fb48cfe0524c78a65c"},
    {file = "rapidfuzz-1.6.2-pp37-pypy37_pp73-manylinux_2_5_x86_64.manylinux1_x86_64.manylinux_2_12_x86_64.manylinux2010_x86_64.whl", hash = "sha256:bddeecf86cd44e0a826f174fdd139b023f62864704d6b14090dfc38eb527a29d"},
    {file = "rapidfuzz-1.6.2-pp37-pypy37_pp73-win_amd64.whl", hash = "sha256:0409555bec275c1638b7f490b15ecc9ae29bc4147608916fc390c4fb0758af06"},
    {file = "rapidfuzz-1.6.2.tar.gz", hash = "sha256:b222a948ae551d8a59b085d659c4040bd2248f0268e178d072714e113ccf8080"},
]
typing-extensions = [
    {file = "typing_extensions-3.10.0.2-py2-none-any.whl", hash = "sha256:d8226d10bc02a29bcc81df19a26e56a9647f8b0a6d4a83924139f4a8b01f17b7"},
    {file = "typing_extensions-3.10.0.2-py3-none-any.whl", hash = "sha256:f1d25edafde516b146ecd0613dabcc61409817af4766fbbcfb8d1ad4ec441a34"},
    {file = "typing_extensions-3.10.0.2.tar.gz", hash = "sha256:49f75d16ff11f1cd258e1b988ccff82a3ca5570217d7ad8c5f48205dd99a677e"},
]
wcwidth = [
    {file = "wcwidth-0.2.5-py2.py3-none-any.whl", hash = "sha256:beb4802a9cebb9144e99086eff703a642a13d6a0052920003a230f3294bbe784"},
    {file = "wcwidth-0.2.5.tar.gz", hash = "sha256:c4d647b99872929fdb7bdcaa4fbe7f01413ed3d98077df798530e5b04f116c83"},
]
zipp = [
    {file = "zipp-3.5.0-py3-none-any.whl", hash = "sha256:957cfda87797e389580cb8b9e3870841ca991e2125350677b2ca83a0e99390a3"},
    {file = "zipp-3.5.0.tar.gz", hash = "sha256:f5812b1e007e48cff63449a5e9f4e7ebea716b4111f9c4f9a645f91d579bf0c4"},
]
